
Microsoft Visual Studio Solution File, Format Version 12.00
# Visual Studio Version 17
VisualStudioVersion = 17.14.36930.0 d17.14
MinimumVisualStudioVersion = 10.0.40219.1
Project("{FAE04EC0-301F-11D3-BF4B-00C04F79EFBC}") = "Act_U4", "Act_U4\Act_U4.csproj", "{EDA130A1-FDEF-419A-844B-21088E003360}"
EndProject
Global
	GlobalSection(SolutionConfigurationPlatforms) = preSolution
		Debug|Any CPU = Debug|Any CPU
		Release|Any CPU = Release|Any CPU
	EndGlobalSection
	GlobalSection(ProjectConfigurationPlatforms) = postSolution
		{EDA130A1-FDEF-419A-844B-21088E003360}.Debug|Any CPU.ActiveCfg = Debug|Any CPU
		{EDA130A1-FDEF-419A-844B-21088E003360}.Debug|Any CPU.Build.0 = Debug|Any CPU
		{EDA130A1-FDEF-419A-844B-21088E003360}.Release|Any CPU.ActiveCfg = Release|Any CPU
		{EDA130A1-FDEF-419A-844B-21088E003360}.Release|Any CPU.Build.0 = Release|Any CPU
	EndGlobalSection
	GlobalSection(SolutionProperties) = preSolution
		HideSolutionNode = FALSE
	EndGlobalSection
	GlobalSection(ExtensibilityGlobals) = postSolution
		SolutionGuid = {456A1AEB-AA7A-4E92-9ED7-27E7A88A0265}
	EndGlobalSection
EndGlobal
